
Microsoft Visual Studio Solution File, Format Version 12.00
# Visual Studio Version 17
VisualStudioVersion = 17.9.34622.214
MinimumVisualStudioVersion = 10.0.40219.1
Project("{FAE04EC0-301F-11D3-BF4B-00C04F79EFBC}") = "HelpyWebApi", "HelpyWebApi\HelpyWebApi.csproj", "{F80F7244-8754-4761-BC4E-186DAC02A99B}"
EndProject
Global
	GlobalSection(SolutionConfigurationPlatforms) = preSolution
		Debug|Any CPU = Debug|Any CPU
		Release|Any CPU = Release|Any CPU
	EndGlobalSection
	GlobalSection(ProjectConfigurationPlatforms) = postSolution
		{F80F7244-8754-4761-BC4E-186DAC02A99B}.Debug|Any CPU.ActiveCfg = Debug|Any CPU
		{F80F7244-8754-4761-BC4E-186DAC02A99B}.Debug|Any CPU.Build.0 = Debug|Any CPU
		{F80F7244-8754-4761-BC4E-186DAC02A99B}.Release|Any CPU.ActiveCfg = Release|Any CPU
		{F80F7244-8754-4761-BC4E-186DAC02A99B}.Release|Any CPU.Build.0 = Release|Any CPU
	EndGlobalSection
	GlobalSection(SolutionProperties) = preSolution
		HideSolutionNode = FALSE
	EndGlobalSection
	GlobalSection(ExtensibilityGlobals) = postSolution
		SolutionGuid = {FBAAADB2-29C1-44BF-9D0E-8D1903AB826E}
	EndGlobalSection
EndGlobal
